
Microsoft Visual Studio Solution File, Format Version 12.00
# Visual Studio Version 16
VisualStudioVersion = 16.0.31105.61
MinimumVisualStudioVersion = 10.0.40219.1
Project("{FAE04EC0-301F-11D3-BF4B-00C04F79EFBC}") = "Tetris_csharp", "Tetris_csharp.csproj", "{176B1635-4DAE-4AC4-9346-812577063BA9}"
EndProject
Global
	GlobalSection(SolutionConfigurationPlatforms) = preSolution
		Debug|Any CPU = Debug|Any CPU
		Release|Any CPU = Release|Any CPU
	EndGlobalSection
	GlobalSection(ProjectConfigurationPlatforms) = postSolution
		{176B1635-4DAE-4AC4-9346-812577063BA9}.Debug|Any CPU.ActiveCfg = Debug|Any CPU
		{176B1635-4DAE-4AC4-9346-812577063BA9}.Debug|Any CPU.Build.0 = Debug|Any CPU
		{176B1635-4DAE-4AC4-9346-812577063BA9}.Release|Any CPU.ActiveCfg = Release|Any CPU
		{176B1635-4DAE-4AC4-9346-812577063BA9}.Release|Any CPU.Build.0 = Release|Any CPU
	EndGlobalSection
	GlobalSection(SolutionProperties) = preSolution
		HideSolutionNode = FALSE
	EndGlobalSection
	GlobalSection(ExtensibilityGlobals) = postSolution
		SolutionGuid = {4FBF2975-F68A-4483-94C7-8E406E0838CB}
	EndGlobalSection
EndGlobal
